// !$*UTF8*$!
{
	archiveVersion = 1;
	classes = {
	};
	objectVersion = 77;
	objects = {

/* Begin PBXBuildFile section */
		BC38C0412DB8869100AF808E /* FirebaseAuth in Frameworks */ = {isa = PBXBuildFile; productRef = BC38C0402DB8869100AF808E /* FirebaseAuth */; };
		BC38C0432DB8869100AF808E /* FirebaseCore in Frameworks */ = {isa = PBXBuildFile; productRef = BC38C0422DB8869100AF808E /* FirebaseCore */; };
		BC38C0452DB8869100AF808E /* FirebaseFirestore in Frameworks */ = {isa = PBXBuildFile; productRef = BC38C0442DB8869100AF808E /* FirebaseFirestore */; };
		BC38C0472DB8869100AF808E /* FirebaseMessaging in Frameworks */ = {isa = PBXBuildFile; productRef = BC38C0462DB8869100AF808E /* FirebaseMessaging */; };
		BC38C0492DB8869100AF808E /* FirebaseStorage in Frameworks */ = {isa = PBXBuildFile; productRef = BC38C0482DB8869100AF808E /* FirebaseStorage */; };
		BC38C0512DB889D300AF808E /* GoogleSignIn in Frameworks */ = {isa = PBXBuildFile; productRef = BC38C0502DB889D300AF808E /* GoogleSignIn */; };
		BC38C0532DB889D300AF808E /* GoogleSignInSwift in Frameworks */ = {isa = PBXBuildFile; productRef = BC38C0522DB889D300AF808E /* GoogleSignInSwift */; };
/* End PBXBuildFile section */

/* Begin PBXContainerItemProxy section */
		BC798E502D8CAE9100B99082 /* PBXContainerItemProxy */ = {
			isa = PBXContainerItemProxy;
			containerPortal = BC798E372D8CAE9000B99082 /* Project object */;
			proxyType = 1;
			remoteGlobalIDString = BC798E3E2D8CAE9000B99082;
			remoteInfo = YD_App;
		};
		BC798E5A2D8CAE9100B99082 /* PBXContainerItemProxy */ = {
			isa = PBXContainerItemProxy;
			containerPortal = BC798E372D8CAE9000B99082 /* Project object */;
			proxyType = 1;
			remoteGlobalIDString = BC798E3E2D8CAE9000B99082;
			remoteInfo = YD_App;
		};
/* End PBXContainerItemProxy section */

/* Begin PBXFileReference section */
		BC798E3F2D8CAE9000B99082 /* YD_App.app */ = {isa = PBXFileReference; explicitFileType = wrapper.application; includeInIndex = 0; path = YD_App.app; sourceTree = BUILT_PRODUCTS_DIR; };
		BC798E4F2D8CAE9100B99082 /* YD_AppTests.xctest */ = {isa = PBXFileReference; explicitFileType = wrapper.cfbundle; includeInIndex = 0; path = YD_AppTests.xctest; sourceTree = BUILT_PRODUCTS_DIR; };
		BC798E592D8CAE9100B99082 /* YD_AppUITests.xctest */ = {isa = PBXFileReference; explicitFileType = wrapper.cfbundle; includeInIndex = 0; path = YD_AppUITests.xctest; sourceTree = BUILT_PRODUCTS_DIR; };
/* End PBXFileReference section */

/* Begin PBXFileSystemSynchronizedRootGroup section */
		BC798E412D8CAE9000B99082 /* YD_App */ = {
			isa = PBXFileSystemSynchronizedRootGroup;
			path = YD_App;
			sourceTree = "<group>";
		};
		BC798E522D8CAE9100B99082 /* YD_AppTests */ = {
			isa = PBXFileSystemSynchronizedRootGroup;
			path = YD_AppTests;
			sourceTree = "<group>";
		};
		BC798E5C2D8CAE9100B99082 /* YD_AppUITests */ = {
			isa = PBXFileSystemSynchronizedRootGroup;
			path = YD_AppUITests;
			sourceTree = "<group>";
		};
/* End PBXFileSystemSynchronizedRootGroup section */

/* Begin PBXFrameworksBuildPhase section */
		BC798E3C2D8CAE9000B99082 /* Frameworks */ = {
			isa = PBXFrameworksBuildPhase;
			buildActionMask = 2147483647;
			files = (
				BC38C0472DB8869100AF808E /* FirebaseMessaging in Frameworks */,
				BC38C0432DB8869100AF808E /* FirebaseCore in Frameworks */,
				BC38C0532DB889D300AF808E /* GoogleSignInSwift in Frameworks */,
				BC38C0412DB8869100AF808E /* FirebaseAuth in Frameworks */,
				BC38C0492DB8869100AF808E /* FirebaseStorage in Frameworks */,
				BC38C0452DB8869100AF808E /* FirebaseFirestore in Frameworks */,
				BC38C0512DB889D300AF808E /* GoogleSignIn in Frameworks */,
			);
			runOnlyForDeploymentPostprocessing = 0;
		};
		BC798E4C2D8CAE9100B99082 /* Frameworks */ = {
			isa = PBXFrameworksBuildPhase;
			buildActionMask = 2147483647;
			files = (
			);
			runOnlyForDeploymentPostprocessing = 0;
		};
		BC798E562D8CAE9100B99082 /* Frameworks */ = {
			isa = PBXFrameworksBuildPhase;
			buildActionMask = 2147483647;
			files = (
			);
			runOnlyForDeploymentPostprocessing = 0;
		};
/* End PBXFrameworksBuildPhase section */

/* Begin PBXGroup section */
		BC38C03F2DB8869100AF808E /* Frameworks */ = {
			isa = PBXGroup;
			children = (
			);
			name = Frameworks;
			sourceTree = "<group>";
		};
		BC798E362D8CAE9000B99082 = {
			isa = PBXGroup;
			children = (
				BC798E412D8CAE9000B99082 /* YD_App */,
				BC798E522D8CAE9100B99082 /* YD_AppTests */,
				BC798E5C2D8CAE9100B99082 /* YD_AppUITests */,
				BC38C03F2DB8869100AF808E /* Frameworks */,
				BC798E402D8CAE9000B99082 /* Products */,
			);
			sourceTree = "<group>";
		};
		BC798E402D8CAE9000B99082 /* Products */ = {
			isa = PBXGroup;
			children = (
				BC798E3F2D8CAE9000B99082 /* YD_App.app */,
				BC798E4F2D8CAE9100B99082 /* YD_AppTests.xctest */,
				BC798E592D8CAE9100B99082 /* YD_AppUITests.xctest */,
			);
			name = Products;
			sourceTree = "<group>";
		};
/* End PBXGroup section */

/* Begin PBXNativeTarget section */
		BC798E3E2D8CAE9000B99082 /* YD_App */ = {
			isa = PBXNativeTarget;
			buildConfigurationList = BC798E632D8CAE9100B99082 /* Build configuration list for PBXNativeTarget "YD_App" */;
			buildPhases = (
				BC798E3B2D8CAE9000B99082 /* Sources */,
				BC798E3C2D8CAE9000B99082 /* Frameworks */,
				BC798E3D2D8CAE9000B99082 /* Resources */,
			);
			buildRules = (
			);
			dependencies = (
			);
			fileSystemSynchronizedGroups = (
				BC798E412D8CAE9000B99082 /* YD_App */,
			);
			name = YD_App;
			packageProductDependencies = (
				BC38C0402DB8869100AF808E /* FirebaseAuth */,
				BC38C0422DB8869100AF808E /* FirebaseCore */,
				BC38C0442DB8869100AF808E /* FirebaseFirestore */,
				BC38C0462DB8869100AF808E /* FirebaseMessaging */,
				BC38C0482DB8869100AF808E /* FirebaseStorage */,
				BC38C0502DB889D300AF808E /* GoogleSignIn */,
				BC38C0522DB889D300AF808E /* GoogleSignInSwift */,
			);
			productName = YD_App;
			productReference = BC798E3F2D8CAE9000B99082 /* YD_App.app */;
			productType = "com.apple.product-type.application";
		};
		BC798E4E2D8CAE9100B99082 /* YD_AppTests */ = {
			isa = PBXNativeTarget;
			buildConfigurationList = BC798E662D8CAE9100B99082 /* Build configuration list for PBXNativeTarget "YD_AppTests" */;
			buildPhases = (
				BC798E4B2D8CAE9100B99082 /* Sources */,
				BC798E4C2D8CAE9100B99082 /* Frameworks */,
				BC798E4D2D8CAE9100B99082 /* Resources */,
			);
			buildRules = (
			);
			dependencies = (
				BC798E512D8CAE9100B99082 /* PBXTargetDependency */,
			);
			fileSystemSynchronizedGroups = (
				BC798E522D8CAE9100B99082 /* YD_AppTests */,
			);
			name = YD_AppTests;
			packageProductDependencies = (
			);
			productName = YD_AppTests;
			productReference = BC798E4F2D8CAE9100B99082 /* YD_AppTests.xctest */;
			productType = "com.apple.product-type.bundle.unit-test";
		};
		BC798E582D8CAE9100B99082 /* YD_AppUITests */ = {
			isa = PBXNativeTarget;
			buildConfigurationList = BC798E692D8CAE9100B99082 /* Build configuration list for PBXNativeTarget "YD_AppUITests" */;
			buildPhases = (
				BC798E552D8CAE9100B99082 /* Sources */,
				BC798E562D8CAE9100B99082 /* Frameworks */,
				BC798E572D8CAE9100B99082 /* Resources */,
			);
			buildRules = (
			);
			dependencies = (
				BC798E5B2D8CAE9100B99082 /* PBXTargetDependency */,
			);
			fileSystemSynchronizedGroups = (
				BC798E5C2D8CAE9100B99082 /* YD_AppUITests */,
			);
			name = YD_AppUITests;
			packageProductDependencies = (
			);
			productName = YD_AppUITests;
			productReference = BC798E592D8CAE9100B99082 /* YD_AppUITests.xctest */;
			productType = "com.apple.product-type.bundle.ui-testing";
		};
/* End PBXNativeTarget section */

/* Begin PBXProject section */
		BC798E372D8CAE9000B99082 /* Project object */ = {
			isa = PBXProject;
			attributes = {
				BuildIndependentTargetsInParallel = 1;
				LastSwiftUpdateCheck = 1620;
				LastUpgradeCheck = 1630;
				TargetAttributes = {
					BC798E3E2D8CAE9000B99082 = {
						CreatedOnToolsVersion = 16.2;
					};
					BC798E4E2D8CAE9100B99082 = {
						CreatedOnToolsVersion = 16.2;
						TestTargetID = BC798E3E2D8CAE9000B99082;
					};
					BC798E582D8CAE9100B99082 = {
						CreatedOnToolsVersion = 16.2;
						TestTargetID = BC798E3E2D8CAE9000B99082;
					};
				};
			};
			buildConfigurationList = BC798E3A2D8CAE9000B99082 /* Build configuration list for PBXProject "YD_App" */;
			developmentRegion = en;
			hasScannedForEncodings = 0;
			knownRegions = (
				en,
				Base,
			);
			mainGroup = BC798E362D8CAE9000B99082;
			minimizedProjectReferenceProxies = 1;
			packageReferences = (
				BC38C03E2DB8842B00AF808E /* XCRemoteSwiftPackageReference "firebase-ios-sdk" */,
				BC38C04F2DB889C700AF808E /* XCRemoteSwiftPackageReference "GoogleSignIn-iOS" */,
			);
			preferredProjectObjectVersion = 77;
			productRefGroup = BC798E402D8CAE9000B99082 /* Products */;
			projectDirPath = "";
			projectRoot = "";
			targets = (
				BC798E3E2D8CAE9000B99082 /* YD_App */,
				BC798E4E2D8CAE9100B99082 /* YD_AppTests */,
				BC798E582D8CAE9100B99082 /* YD_AppUITests */,
			);
		};
/* End PBXProject section */

/* Begin PBXResourcesBuildPhase section */
		BC798E3D2D8CAE9000B99082 /* Resources */ = {
			isa = PBXResourcesBuildPhase;
			buildActionMask = 2147483647;
			files = (
			);
			runOnlyForDeploymentPostprocessing = 0;
		};
		BC798E4D2D8CAE9100B99082 /* Resources */ = {
			isa = PBXResourcesBuildPhase;
			buildActionMask = 2147483647;
			files = (
			);
			runOnlyForDeploymentPostprocessing = 0;
		};
		BC798E572D8CAE9100B99082 /* Resources */ = {
			isa = PBXResourcesBuildPhase;
			buildActionMask = 2147483647;
			files = (
			);
			runOnlyForDeploymentPostprocessing = 0;
		};
/* End PBXResourcesBuildPhase section */

/* Begin PBXSourcesBuildPhase section */
		BC798E3B2D8CAE9000B99082 /* Sources */ = {
			isa = PBXSourcesBuildPhase;
			buildActionMask = 2147483647;
			files = (
			);
			runOnlyForDeploymentPostprocessing = 0;
		};
		BC798E4B2D8CAE9100B99082 /* Sources */ = {
			isa = PBXSourcesBuildPhase;
			buildActionMask = 2147483647;
			files = (
			);
			runOnlyForDeploymentPostprocessing = 0;
		};
		BC798E552D8CAE9100B99082 /* Sources */ = {
			isa = PBXSourcesBuildPhase;
			buildActionMask = 2147483647;
			files = (
			);
			runOnlyForDeploymentPostprocessing = 0;
		};
/* End PBXSourcesBuildPhase section */

/* Begin PBXTargetDependency section */
		BC798E512D8CAE9100B99082 /* PBXTargetDependency */ = {
			isa = PBXTargetDependency;
			target = BC798E3E2D8CAE9000B99082 /* YD_App */;
			targetProxy = BC798E502D8CAE9100B99082 /* PBXContainerItemProxy */;
		};
		BC798E5B2D8CAE9100B99082 /* PBXTargetDependency */ = {
			isa = PBXTargetDependency;
			target = BC798E3E2D8CAE9000B99082 /* YD_App */;
			targetProxy = BC798E5A2D8CAE9100B99082 /* PBXContainerItemProxy */;
		};
/* End PBXTargetDependency section */

/* Begin XCBuildConfiguration section */
		BC798E612D8CAE9100B99082 /* Debug */ = {
			isa = XCBuildConfiguration;
			buildSettings = {
				ALWAYS_SEARCH_USER_PATHS = NO;
				ASSETCATALOG_COMPILER_GENERATE_SWIFT_ASSET_SYMBOL_EXTENSIONS = YES;
				CLANG_ANALYZER_NONNULL = YES;
				CLANG_ANALYZER_NUMBER_OBJECT_CONVERSION = YES_AGGRESSIVE;
				CLANG_CXX_LANGUAGE_STANDARD = "gnu++20";
				CLANG_ENABLE_MODULES = YES;
				CLANG_ENABLE_OBJC_ARC = YES;
				CLANG_ENABLE_OBJC_WEAK = YES;
				CLANG_WARN_BLOCK_CAPTURE_AUTORELEASING = YES;
				CLANG_WARN_BOOL_CONVERSION = YES;
				CLANG_WARN_COMMA = YES;
				CLANG_WARN_CONSTANT_CONVERSION = YES;
				CLANG_WARN_DEPRECATED_OBJC_IMPLEMENTATIONS = YES;
				CLANG_WARN_DIRECT_OBJC_ISA_USAGE = YES_ERROR;
				CLANG_WARN_DOCUMENTATION_COMMENTS = YES;
				CLANG_WARN_EMPTY_BODY = YES;
				CLANG_WARN_ENUM_CONVERSION = YES;
				CLANG_WARN_INFINITE_RECURSION = YES;
				CLANG_WARN_INT_CONVERSION = YES;
				CLANG_WARN_NON_LITERAL_NULL_CONVERSION = YES;
				CLANG_WARN_OBJC_IMPLICIT_RETAIN_SELF = YES;
				CLANG_WARN_OBJC_LITERAL_CONVERSION = YES;
				CLANG_WARN_OBJC_ROOT_CLASS = YES_ERROR;
				CLANG_WARN_QUOTED_INCLUDE_IN_FRAMEWORK_HEADER = YES;
				CLANG_WARN_RANGE_LOOP_ANALYSIS = YES;
				CLANG_WARN_STRICT_PROTOTYPES = YES;
				CLANG_WARN_SUSPICIOUS_MOVE = YES;
				CLANG_WARN_UNGUARDED_AVAILABILITY = YES_AGGRESSIVE;
				CLANG_WARN_UNREACHABLE_CODE = YES;
				CLANG_WARN__DUPLICATE_METHOD_MATCH = YES;
				COPY_PHASE_STRIP = NO;
				DEBUG_INFORMATION_FORMAT = dwarf;
				DEVELOPMENT_TEAM = Z96Q8W8VMQ;
				ENABLE_STRICT_OBJC_MSGSEND = YES;
				ENABLE_TESTABILITY = YES;
				ENABLE_USER_SCRIPT_SANDBOXING = YES;
				GCC_C_LANGUAGE_STANDARD = gnu17;
				GCC_DYNAMIC_NO_PIC = NO;
				GCC_NO_COMMON_BLOCKS = YES;
				GCC_OPTIMIZATION_LEVEL = 0;
				GCC_PREPROCESSOR_DEFINITIONS = (
					"DEBUG=1",
					"$(inherited)",
				);
				GCC_WARN_64_TO_32_BIT_CONVERSION = YES;
				GCC_WARN_ABOUT_RETURN_TYPE = YES_ERROR;
				GCC_WARN_UNDECLARED_SELECTOR = YES;
				GCC_WARN_UNINITIALIZED_AUTOS = YES_AGGRESSIVE;
				GCC_WARN_UNUSED_FUNCTION = YES;
				GCC_WARN_UNUSED_VARIABLE = YES;
				IPHONEOS_DEPLOYMENT_TARGET = 18.2;
				LOCALIZATION_PREFERS_STRING_CATALOGS = YES;
				MTL_ENABLE_DEBUG_INFO = INCLUDE_SOURCE;
				MTL_FAST_MATH = YES;
				NEW_SETTING = "";
				ONLY_ACTIVE_ARCH = YES;
				SDKROOT = iphoneos;
				SWIFT_ACTIVE_COMPILATION_CONDITIONS = "DEBUG $(inherited)";
				SWIFT_OPTIMIZATION_LEVEL = "-Onone";
			};
			name = Debug;
		};
		BC798E622D8CAE9100B99082 /* Release */ = {
			isa = XCBuildConfiguration;
			buildSettings = {
				ALWAYS_SEARCH_USER_PATHS = NO;
				ASSETCATALOG_COMPILER_GENERATE_SWIFT_ASSET_SYMBOL_EXTENSIONS = YES;
				CLANG_ANALYZER_NONNULL = YES;
				CLANG_ANALYZER_NUMBER_OBJECT_CONVERSION = YES_AGGRESSIVE;
				CLANG_CXX_LANGUAGE_STANDARD = "gnu++20";
				CLANG_ENABLE_MODULES = YES;
				CLANG_ENABLE_OBJC_ARC = YES;
				CLANG_ENABLE_OBJC_WEAK = YES;
				CLANG_WARN_BLOCK_CAPTURE_AUTORELEASING = YES;
				CLANG_WARN_BOOL_CONVERSION = YES;
				CLANG_WARN_COMMA = YES;
				CLANG_WARN_CONSTANT_CONVERSION = YES;
				CLANG_WARN_DEPRECATED_OBJC_IMPLEMENTATIONS = YES;
				CLANG_WARN_DIRECT_OBJC_ISA_USAGE = YES_ERROR;
				CLANG_WARN_DOCUMENTATION_COMMENTS = YES;
				CLANG_WARN_EMPTY_BODY = YES;
				CLANG_WARN_ENUM_CONVERSION = YES;
				CLANG_WARN_INFINITE_RECURSION = YES;
				CLANG_WARN_INT_CONVERSION = YES;
				CLANG_WARN_NON_LITERAL_NULL_CONVERSION = YES;
				CLANG_WARN_OBJC_IMPLICIT_RETAIN_SELF = YES;
				CLANG_WARN_OBJC_LITERAL_CONVERSION = YES;
				CLANG_WARN_OBJC_ROOT_CLASS = YES_ERROR;
				CLANG_WARN_QUOTED_INCLUDE_IN_FRAMEWORK_HEADER = YES;
				CLANG_WARN_RANGE_LOOP_ANALYSIS = YES;
				CLANG_WARN_STRICT_PROTOTYPES = YES;
				CLANG_WARN_SUSPICIOUS_MOVE = YES;
				CLANG_WARN_UNGUARDED_AVAILABILITY = YES_AGGRESSIVE;
				CLANG_WARN_UNREACHABLE_CODE = YES;
				CLANG_WARN__DUPLICATE_METHOD_MATCH = YES;
				COPY_PHASE_STRIP = NO;
				DEBUG_INFORMATION_FORMAT = "dwarf-with-dsym";
				DEVELOPMENT_TEAM = Z96Q8W8VMQ;
				ENABLE_NS_ASSERTIONS = NO;
				ENABLE_STRICT_OBJC_MSGSEND = YES;
				ENABLE_USER_SCRIPT_SANDBOXING = YES;
				GCC_C_LANGUAGE_STANDARD = gnu17;
				GCC_NO_COMMON_BLOCKS = YES;
				GCC_WARN_64_TO_32_BIT_CONVERSION = YES;
				GCC_WARN_ABOUT_RETURN_TYPE = YES_ERROR;
				GCC_WARN_UNDECLARED_SELECTOR = YES;
				GCC_WARN_UNINITIALIZED_AUTOS = YES_AGGRESSIVE;
				GCC_WARN_UNUSED_FUNCTION = YES;
				GCC_WARN_UNUSED_VARIABLE = YES;
				IPHONEOS_DEPLOYMENT_TARGET = 18.2;
				LOCALIZATION_PREFERS_STRING_CATALOGS = YES;
				MTL_ENABLE_DEBUG_INFO = NO;
				MTL_FAST_MATH = YES;
				NEW_SETTING = "";
				SDKROOT = iphoneos;
				SWIFT_COMPILATION_MODE = wholemodule;
				VALIDATE_PRODUCT = YES;
			};
			name = Release;
		};
		BC798E642D8CAE9100B99082 /* Debug */ = {
			isa = XCBuildConfiguration;
			buildSettings = {
				ASSETCATALOG_COMPILER_APPICON_NAME = AppIcon;
				ASSETCATALOG_COMPILER_GLOBAL_ACCENT_COLOR_NAME = AccentColor;
				CODE_SIGN_ENTITLEMENTS = YD_App/YD_App.entitlements;
				CODE_SIGN_IDENTITY = "Apple Development";
				CODE_SIGN_STYLE = Automatic;
				CURRENT_PROJECT_VERSION = 1;
				DEVELOPMENT_ASSET_PATHS = "\"YD_App/Preview Content\"";
				DEVELOPMENT_TEAM = 22UX33YZ22;
				ENABLE_PREVIEWS = YES;
				GENERATE_INFOPLIST_FILE = YES;
				INFOPLIST_FILE = "YD-App-Info.plist";
				INFOPLIST_KEY_UIApplicationSceneManifest_Generation = YES;
				INFOPLIST_KEY_UIApplicationSupportsIndirectInputEvents = YES;
				INFOPLIST_KEY_UILaunchScreen_Generation = YES;
				INFOPLIST_KEY_UISupportedInterfaceOrientations_iPad = "UIInterfaceOrientationPortrait UIInterfaceOrientationPortraitUpsideDown UIInterfaceOrientationLandscapeLeft UIInterfaceOrientationLandscapeRight";
				INFOPLIST_KEY_UISupportedInterfaceOrientations_iPhone = "UIInterfaceOrientationPortrait UIInterfaceOrientationLandscapeLeft UIInterfaceOrientationLandscapeRight";
				LD_RUNPATH_SEARCH_PATHS = (
					"$(inherited)",
					"@executable_path/Frameworks",
				);
				MARKETING_VERSION = 1.0;
				PRODUCT_BUNDLE_IDENTIFIER = com.nexusstudio.ydapp;
				PRODUCT_NAME = "$(TARGET_NAME)";
				PROVISIONING_PROFILE_SPECIFIER = "";
				SWIFT_EMIT_LOC_STRINGS = YES;
				SWIFT_VERSION = 5.0;
				TARGETED_DEVICE_FAMILY = "1,2";
			};
			name = Debug;
		};
		BC798E652D8CAE9100B99082 /* Release */ = {
			isa = XCBuildConfiguration;
			buildSettings = {
				ASSETCATALOG_COMPILER_APPICON_NAME = AppIcon;
				ASSETCATALOG_COMPILER_GLOBAL_ACCENT_COLOR_NAME = AccentColor;
				CODE_SIGN_ENTITLEMENTS = YD_App/YD_App.entitlements;
				CODE_SIGN_IDENTITY = "Apple Development";
				CODE_SIGN_STYLE = Automatic;
				CURRENT_PROJECT_VERSION = 1;
				DEVELOPMENT_ASSET_PATHS = "\"YD_App/Preview Content\"";
				DEVELOPMENT_TEAM = "";
				ENABLE_PREVIEWS = YES;
				GENERATE_INFOPLIST_FILE = YES;
				INFOPLIST_FILE = "YD-App-Info.plist";
				INFOPLIST_KEY_UIApplicationSceneManifest_Generation = YES;
				INFOPLIST_KEY_UIApplicationSupportsIndirectInputEvents = YES;
				INFOPLIST_KEY_UILaunchScreen_Generation = YES;
				INFOPLIST_KEY_UISupportedInterfaceOrientations_iPad = "UIInterfaceOrientationPortrait UIInterfaceOrientationPortraitUpsideDown UIInterfaceOrientationLandscapeLeft UIInterfaceOrientationLandscapeRight";
				INFOPLIST_KEY_UISupportedInterfaceOrientations_iPhone = "UIInterfaceOrientationPortrait UIInterfaceOrientationLandscapeLeft UIInterfaceOrientationLandscapeRight";
				LD_RUNPATH_SEARCH_PATHS = (
					"$(inherited)",
					"@executable_path/Frameworks",
				);
				MARKETING_VERSION = 1.0;
				PRODUCT_BUNDLE_IDENTIFIER = com.nexusstudio.ydapp;
				PRODUCT_NAME = "$(TARGET_NAME)";
				PROVISIONING_PROFILE_SPECIFIER = "";
				SWIFT_EMIT_LOC_STRINGS = YES;
				SWIFT_VERSION = 5.0;
				TARGETED_DEVICE_FAMILY = "1,2";
			};
			name = Release;
		};
		BC798E672D8CAE9100B99082 /* Debug */ = {
			isa = XCBuildConfiguration;
			buildSettings = {
				BUNDLE_LOADER = "$(TEST_HOST)";
				CODE_SIGN_STYLE = Automatic;
				CURRENT_PROJECT_VERSION = 1;
				GENERATE_INFOPLIST_FILE = YES;
				IPHONEOS_DEPLOYMENT_TARGET = 18.2;
				MARKETING_VERSION = 1.0;
				PRODUCT_BUNDLE_IDENTIFIER = "TrigoYMiel.YD-AppTests";
				PRODUCT_NAME = "$(TARGET_NAME)";
				SWIFT_EMIT_LOC_STRINGS = NO;
				SWIFT_VERSION = 5.0;
				TARGETED_DEVICE_FAMILY = "1,2";
				TEST_HOST = "$(BUILT_PRODUCTS_DIR)/YD_App.app/$(BUNDLE_EXECUTABLE_FOLDER_PATH)/YD_App";
			};
			name = Debug;
		};
		BC798E682D8CAE9100B99082 /* Release */ = {
			isa = XCBuildConfiguration;
			buildSettings = {
				BUNDLE_LOADER = "$(TEST_HOST)";
				CODE_SIGN_STYLE = Automatic;
				CURRENT_PROJECT_VERSION = 1;
				GENERATE_INFOPLIST_FILE = YES;
				IPHONEOS_DEPLOYMENT_TARGET = 18.2;
				MARKETING_VERSION = 1.0;
				PRODUCT_BUNDLE_IDENTIFIER = "TrigoYMiel.YD-AppTests";
				PRODUCT_NAME = "$(TARGET_NAME)";
				SWIFT_EMIT_LOC_STRINGS = NO;
				SWIFT_VERSION = 5.0;
				TARGETED_DEVICE_FAMILY = "1,2";
				TEST_HOST = "$(BUILT_PRODUCTS_DIR)/YD_App.app/$(BUNDLE_EXECUTABLE_FOLDER_PATH)/YD_App";
			};
			name = Release;
		};
		BC798E6A2D8CAE9100B99082 /* Debug */ = {
			isa = XCBuildConfiguration;
			buildSettings = {
				CODE_SIGN_STYLE = Automatic;
				CURRENT_PROJECT_VERSION = 1;
				GENERATE_INFOPLIST_FILE = YES;
				MARKETING_VERSION = 1.0;
				PRODUCT_BUNDLE_IDENTIFIER = "TrigoYMiel.YD-AppUITests";
				PRODUCT_NAME = "$(TARGET_NAME)";
				SWIFT_EMIT_LOC_STRINGS = NO;
				SWIFT_VERSION = 5.0;
				TARGETED_DEVICE_FAMILY = "1,2";
				TEST_TARGET_NAME = YD_App;
			};
			name = Debug;
		};
		BC798E6B2D8CAE9100B99082 /* Release */ = {
			isa = XCBuildConfiguration;
			buildSettings = {
				CODE_SIGN_STYLE = Automatic;
				CURRENT_PROJECT_VERSION = 1;
				GENERATE_INFOPLIST_FILE = YES;
				MARKETING_VERSION = 1.0;
				PRODUCT_BUNDLE_IDENTIFIER = "TrigoYMiel.YD-AppUITests";
				PRODUCT_NAME = "$(TARGET_NAME)";
				SWIFT_EMIT_LOC_STRINGS = NO;
				SWIFT_VERSION = 5.0;
				TARGETED_DEVICE_FAMILY = "1,2";
				TEST_TARGET_NAME = YD_App;
			};
			name = Release;
		};
/* End XCBuildConfiguration section */

/* Begin XCConfigurationList section */
		BC798E3A2D8CAE9000B99082 /* Build configuration list for PBXProject "YD_App" */ = {
			isa = XCConfigurationList;
			buildConfigurations = (
				BC798E612D8CAE9100B99082 /* Debug */,
				BC798E622D8CAE9100B99082 /* Release */,
			);
			defaultConfigurationIsVisible = 0;
			defaultConfigurationName = Release;
		};
		BC798E632D8CAE9100B99082 /* Build configuration list for PBXNativeTarget "YD_App" */ = {
			isa = XCConfigurationList;
			buildConfigurations = (
				BC798E642D8CAE9100B99082 /* Debug */,
				BC798E652D8CAE9100B99082 /* Release */,
			);
			defaultConfigurationIsVisible = 0;
			defaultConfigurationName = Release;
		};
		BC798E662D8CAE9100B99082 /* Build configuration list for PBXNativeTarget "YD_AppTests" */ = {
			isa = XCConfigurationList;
			buildConfigurations = (
				BC798E672D8CAE9100B99082 /* Debug */,
				BC798E682D8CAE9100B99082 /* Release */,
			);
			defaultConfigurationIsVisible = 0;
			defaultConfigurationName = Release;
		};
		BC798E692D8CAE9100B99082 /* Build configuration list for PBXNativeTarget "YD_AppUITests" */ = {
			isa = XCConfigurationList;
			buildConfigurations = (
				BC798E6A2D8CAE9100B99082 /* Debug */,
				BC798E6B2D8CAE9100B99082 /* Release */,
			);
			defaultConfigurationIsVisible = 0;
			defaultConfigurationName = Release;
		};
/* End XCConfigurationList section */

/* Begin XCRemoteSwiftPackageReference section */
		BC38C03E2DB8842B00AF808E /* XCRemoteSwiftPackageReference "firebase-ios-sdk" */ = {
			isa = XCRemoteSwiftPackageReference;
			repositoryURL = "https://github.com/firebase/firebase-ios-sdk";
			requirement = {
				kind = upToNextMajorVersion;
				minimumVersion = 11.12.0;
			};
		};
		BC38C04F2DB889C700AF808E /* XCRemoteSwiftPackageReference "GoogleSignIn-iOS" */ = {
			isa = XCRemoteSwiftPackageReference;
			repositoryURL = "https://github.com/google/GoogleSignIn-iOS.git";
			requirement = {
				kind = upToNextMajorVersion;
				minimumVersion = 8.0.0;
			};
		};
/* End XCRemoteSwiftPackageReference section */

/* Begin XCSwiftPackageProductDependency section */
		BC38C0402DB8869100AF808E /* FirebaseAuth */ = {
			isa = XCSwiftPackageProductDependency;
			package = BC38C03E2DB8842B00AF808E /* XCRemoteSwiftPackageReference "firebase-ios-sdk" */;
			productName = FirebaseAuth;
		};
		BC38C0422DB8869100AF808E /* FirebaseCore */ = {
			isa = XCSwiftPackageProductDependency;
			package = BC38C03E2DB8842B00AF808E /* XCRemoteSwiftPackageReference "firebase-ios-sdk" */;
			productName = FirebaseCore;
		};
		BC38C0442DB8869100AF808E /* FirebaseFirestore */ = {
			isa = XCSwiftPackageProductDependency;
			package = BC38C03E2DB8842B00AF808E /* XCRemoteSwiftPackageReference "firebase-ios-sdk" */;
			productName = FirebaseFirestore;
		};
		BC38C0462DB8869100AF808E /* FirebaseMessaging */ = {
			isa = XCSwiftPackageProductDependency;
			package = BC38C03E2DB8842B00AF808E /* XCRemoteSwiftPackageReference "firebase-ios-sdk" */;
			productName = FirebaseMessaging;
		};
		BC38C0482DB8869100AF808E /* FirebaseStorage */ = {
			isa = XCSwiftPackageProductDependency;
			package = BC38C03E2DB8842B00AF808E /* XCRemoteSwiftPackageReference "firebase-ios-sdk" */;
			productName = FirebaseStorage;
		};
		BC38C0502DB889D300AF808E /* GoogleSignIn */ = {
			isa = XCSwiftPackageProductDependency;
			package = BC38C04F2DB889C700AF808E /* XCRemoteSwiftPackageReference "GoogleSignIn-iOS" */;
			productName = GoogleSignIn;
		};
		BC38C0522DB889D300AF808E /* GoogleSignInSwift */ = {
			isa = XCSwiftPackageProductDependency;
			package = BC38C04F2DB889C700AF808E /* XCRemoteSwiftPackageReference "GoogleSignIn-iOS" */;
			productName = GoogleSignInSwift;
		};
/* End XCSwiftPackageProductDependency section */
	};
	rootObject = BC798E372D8CAE9000B99082 /* Project object */;
}
